
Microsoft Visual Studio Solution File, Format Version 12.00
# Visual Studio Version 17
VisualStudioVersion = 17.7.34221.43
MinimumVisualStudioVersion = 10.0.40219.1
Project("{FAE04EC0-301F-11D3-BF4B-00C04F79EFBC}") = "rpgAPI", "rpgAPI\rpgAPI.csproj", "{37BDCE58-1690-45B9-898A-FFE186ED932B}"
EndProject
Global
	GlobalSection(SolutionConfigurationPlatforms) = preSolution
		Debug|Any CPU = Debug|Any CPU
		Release|Any CPU = Release|Any CPU
	EndGlobalSection
	GlobalSection(ProjectConfigurationPlatforms) = postSolution
		{37BDCE58-1690-45B9-898A-FFE186ED932B}.Debug|Any CPU.ActiveCfg = Debug|Any CPU
		{37BDCE58-1690-45B9-898A-FFE186ED932B}.Debug|Any CPU.Build.0 = Debug|Any CPU
		{37BDCE58-1690-45B9-898A-FFE186ED932B}.Release|Any CPU.ActiveCfg = Release|Any CPU
		{37BDCE58-1690-45B9-898A-FFE186ED932B}.Release|Any CPU.Build.0 = Release|Any CPU
	EndGlobalSection
	GlobalSection(SolutionProperties) = preSolution
		HideSolutionNode = FALSE
	EndGlobalSection
	GlobalSection(ExtensibilityGlobals) = postSolution
		SolutionGuid = {781ECAE7-EC1C-46E3-B08A-FDDA9F5DDE20}
	EndGlobalSection
EndGlobal
